
Microsoft Visual Studio Solution File, Format Version 12.00
Project("{FAE04EC0-301F-11D3-BF4B-00C04F79EFBC}") = "Admin.BlazorApp", "Admin.BlazorApp\Admin.BlazorApp.csproj", "{A827FE8B-43E8-4F71-9703-EA5FA873E708}"
EndProject
Project("{FAE04EC0-301F-11D3-BF4B-00C04F79EFBC}") = "Admin.Integration", "Admin.Integration\Admin.Integration.csproj", "{4D0F2522-2BB3-430B-ADCC-97122675A9E3}"
EndProject
Global
	GlobalSection(SolutionConfigurationPlatforms) = preSolution
		Debug|Any CPU = Debug|Any CPU
		Release|Any CPU = Release|Any CPU
	EndGlobalSection
	GlobalSection(ProjectConfigurationPlatforms) = postSolution
		{A827FE8B-43E8-4F71-9703-EA5FA873E708}.Debug|Any CPU.ActiveCfg = Debug|Any CPU
		{A827FE8B-43E8-4F71-9703-EA5FA873E708}.Debug|Any CPU.Build.0 = Debug|Any CPU
		{A827FE8B-43E8-4F71-9703-EA5FA873E708}.Release|Any CPU.ActiveCfg = Release|Any CPU
		{A827FE8B-43E8-4F71-9703-EA5FA873E708}.Release|Any CPU.Build.0 = Release|Any CPU
		{4D0F2522-2BB3-430B-ADCC-97122675A9E3}.Debug|Any CPU.ActiveCfg = Debug|Any CPU
		{4D0F2522-2BB3-430B-ADCC-97122675A9E3}.Debug|Any CPU.Build.0 = Debug|Any CPU
		{4D0F2522-2BB3-430B-ADCC-97122675A9E3}.Release|Any CPU.ActiveCfg = Release|Any CPU
		{4D0F2522-2BB3-430B-ADCC-97122675A9E3}.Release|Any CPU.Build.0 = Release|Any CPU
	EndGlobalSection
	GlobalSection(NestedProjects) = preSolution
	EndGlobalSection
EndGlobal
